schema: '2.0'
stages:
  etl:
    cmd: python etl/etl.py
    deps:
    - path: data/raw/Chest_X_Ray/test
      hash: md5
      md5: 227ead8b20e5b527a0900911f54bbd19.dir
      size: 79069091
      nfiles: 625
    - path: data/raw/Chest_X_Ray/train
      hash: md5
      md5: ec967913ebbc3c55b412f60fdfc532b4.dir
      size: 1154764220
      nfiles: 5219
    - path: data/raw/Chest_X_Ray/val
      hash: md5
      md5: 624409d747735cc7ba24b0f995d52026.dir
      size: 3061171
      nfiles: 19
    - path: etl/etl.py
      hash: md5
      md5: 0aecc3173306fce7912d3e0057974108
      size: 1596
    params:
      config/etl/etl1.yaml:
        img_size: (160, 160)
        label_names:
          0: Normal
          1: Viral Pneumonia
          2: Bacterial Pneumonia
    outs:
    - path: data/final
      hash: md5
      md5: 73174d6347ceba3c6e171d4f5c155d77.dir
      size: 410919
      nfiles: 3
  test:
    cmd: pipenv run pytest tests/
  train:
    cmd: python ml/train.py
    deps:
    - path: data/final
      hash: md5
      md5: 73174d6347ceba3c6e171d4f5c155d77.dir
      size: 410919
      nfiles: 3
    - path: ml/train.py
      hash: md5
      md5: 9bc68ac44f0ef3114c9933f98e13cd36
      size: 6239
    params:
      config/ml/ml1.yaml:
        model_architecture: mobilenetv2
        model_name: chest_diseases_pt_cnn
        model_save_name: chest_diseases_pt_cnn.pt
        params:
          model: model_architecture
          dataset_version: 1
          seed: 21
          batch_size: 32
          num_workers: 8
          gpus: 0
          precision: 32
          max_epochs: 25
          dropout: 0.2
          lr: 0.01
          use_imagenet_pretrained_weights: use_imagenet_pretrained_weights
          early_stopping_patience: 3
        use_imagenet_pretrained_weights: true
    outs:
    - path: experiments/training_outputs
      hash: md5
      md5: 408ca90d8ac3c939f187d87a794d0892.dir
      size: 64130381
      nfiles: 9
